<Solution>
  <Folder Name="/ss1/" />
  <Folder Name="/ss2/" />
  <Folder Name="/ss3/">
    <Project Path="EXEonline/buoi3.csproj" />
  </Folder>
  <Folder Name="/ss4/">
    <Project Path="buoi4/buoi4.csproj" />
  </Folder>
  <Folder Name="/ss5/">
    <Project Path="buoi5/buoi5.csproj" Id="9c239993-4c17-4880-a9cb-dd9cc83d2a03" />
  </Folder>
  <Folder Name="/ss6/">
    <Project Path="buoi6/buoi6.csproj" Id="543419ca-e490-4e8f-b784-c14b619dbd1a" />
  </Folder>
  <Folder Name="/ss7/">
    <Project Path="buoi7/buoi7.csproj" Id="cfa2b179-cc68-4067-b553-f7b6d5cd4f35" />
  </Folder>
</Solution>
